{
  "version": 4,
  "terraform_version": "1.12.2",
  "serial": 1,
  "lineage": "ca5d743f-fc8e-bd8f-ab22-3241cf5c1ebf",
  "outputs": {},
  "resources": [
    {
      "mode": "managed",
      "type": "portainer_settings",
      "name": "portainer_settings",
      "provider": "provider[\"localdomain/local/portainer\"]",
      "instances": [
        {
          "schema_version": 0,
          "attributes": {
            "authentication_method": 3,
            "black_listed_labels": [],
            "edge_agent_checkin_interval": null,
            "edge_portainer_url": null,
            "enable_edge_compute_features": null,
            "enable_telemetry": null,
            "enforce_edge_id": null,
            "global_deployment_options": [],
            "helm_repository_url": null,
            "id": "portainer-settings",
            "internal_auth_settings": [],
            "kubeconfig_expiry": null,
            "kubectl_shell_image": null,
            "ldap_settings": [],
            "logo_url": null,
            "oauth_settings": [
              {
                "access_token_uri": "https://auth.example.com/oauth2/token",
                "auth_style": 0,
                "authorization_uri": "https://auth.example.com/oauth2/authorize",
                "client_id": "test",
                "client_secret": "test",
                "default_team_id": 0,
                "kube_secret_key": null,
                "logout_uri": "",
                "oauth_auto_create_users": false,
                "redirect_uri": "https://localhost:9442/",
                "resource_uri": "",
                "scopes": "",
                "sso": false,
                "user_identifier": ""
              }
            ],
            "snapshot_interval": null,
            "templates_url": null,
            "trust_on_first_connect": null,
            "user_session_timeout": null
          },
          "sensitive_attributes": [
            [
              {
                "type": "get_attr",
                "value": "oauth_settings"
              },
              {
                "type": "index",
                "value": {
                  "value": 0,
                  "type": "number"
                }
              },
              {
                "type": "get_attr",
                "value": "client_secret"
              }
            ]
          ],
          "identity_schema_version": 0,
          "private": "bnVsbA=="
        }
      ]
    }
  ],
  "check_results": null
}
